// !$*UTF8*$!
{
	archiveVersion = 1;
	classes = {
	};
	objectVersion = 55;
	objects = {

/* Begin PBXBuildFile section */
		E9CA454128C5ADFC0065C373 /* AppDelegate.swift in Sources */ = {isa = PBXBuildFile; fileRef = E9CA454028C5ADFC0065C373 /* AppDelegate.swift */; };
		E9CA454328C5ADFC0065C373 /* SceneDelegate.swift in Sources */ = {isa = PBXBuildFile; fileRef = E9CA454228C5ADFC0065C373 /* SceneDelegate.swift */; };
		E9CA454A28C5ADFE0065C373 /* Assets.xcassets in Resources */ = {isa = PBXBuildFile; fileRef = E9CA454928C5ADFE0065C373 /* Assets.xcassets */; };
		E9CA454D28C5ADFE0065C373 /* LaunchScreen.storyboard in Resources */ = {isa = PBXBuildFile; fileRef = E9CA454B28C5ADFE0065C373 /* LaunchScreen.storyboard */; };
		E9CA456428C5B04D0065C373 /* BaseViewController.swift in Sources */ = {isa = PBXBuildFile; fileRef = E9CA456328C5B04D0065C373 /* BaseViewController.swift */; };
		E9CA456728C5B3B60065C373 /* HomeViewController.swift in Sources */ = {isa = PBXBuildFile; fileRef = E9CA456628C5B3B60065C373 /* HomeViewController.swift */; };
/* End PBXBuildFile section */

/* Begin PBXFileReference section */
		E9CA453D28C5ADFC0065C373 /* CDMG-Project.app */ = {isa = PBXFileReference; explicitFileType = wrapper.application; includeInIndex = 0; path = "CDMG-Project.app"; sourceTree = BUILT_PRODUCTS_DIR; };
		E9CA454028C5ADFC0065C373 /* AppDelegate.swift */ = {isa = PBXFileReference; lastKnownFileType = sourcecode.swift; path = AppDelegate.swift; sourceTree = "<group>"; };
		E9CA454228C5ADFC0065C373 /* SceneDelegate.swift */ = {isa = PBXFileReference; lastKnownFileType = sourcecode.swift; path = SceneDelegate.swift; sourceTree = "<group>"; };
		E9CA454928C5ADFE0065C373 /* Assets.xcassets */ = {isa = PBXFileReference; lastKnownFileType = folder.assetcatalog; path = Assets.xcassets; sourceTree = "<group>"; };
		E9CA454C28C5ADFE0065C373 /* Base */ = {isa = PBXFileReference; lastKnownFileType = file.storyboard; name = Base; path = Base.lproj/LaunchScreen.storyboard; sourceTree = "<group>"; };
		E9CA454E28C5ADFE0065C373 /* Info.plist */ = {isa = PBXFileReference; lastKnownFileType = text.plist.xml; path = Info.plist; sourceTree = "<group>"; };
		E9CA456328C5B04D0065C373 /* BaseViewController.swift */ = {isa = PBXFileReference; lastKnownFileType = sourcecode.swift; path = BaseViewController.swift; sourceTree = "<group>"; };
		E9CA456628C5B3B60065C373 /* HomeViewController.swift */ = {isa = PBXFileReference; lastKnownFileType = sourcecode.swift; path = HomeViewController.swift; sourceTree = "<group>"; };
/* End PBXFileReference section */

/* Begin PBXFrameworksBuildPhase section */
		E9CA453A28C5ADFC0065C373 /* Frameworks */ = {
			isa = PBXFrameworksBuildPhase;
			buildActionMask = 2147483647;
			files = (
			);
			runOnlyForDeploymentPostprocessing = 0;
		};
/* End PBXFrameworksBuildPhase section */

/* Begin PBXGroup section */
		E9CA453428C5ADFC0065C373 = {
			isa = PBXGroup;
			children = (
				E9CA453F28C5ADFC0065C373 /* CDMG-Project */,
				E9CA453E28C5ADFC0065C373 /* Products */,
			);
			sourceTree = "<group>";
		};
		E9CA453E28C5ADFC0065C373 /* Products */ = {
			isa = PBXGroup;
			children = (
				E9CA453D28C5ADFC0065C373 /* CDMG-Project.app */,
			);
			name = Products;
			sourceTree = "<group>";
		};
		E9CA453F28C5ADFC0065C373 /* CDMG-Project */ = {
			isa = PBXGroup;
			children = (
				E9CA455A28C5AF8B0065C373 /* Resources */,
				E9CA455928C5AF760065C373 /* AppDelegate */,
				E9CA455728C5AF0D0065C373 /* Models */,
				E9CA455828C5AF2A0065C373 /* ViewModels */,
				E9CA455628C5AEFB0065C373 /* ViewControllers */,
				E9CA455528C5AEEA0065C373 /* Views */,
				E9CA455428C5AED20065C373 /* Ulities */,
			);
			path = "CDMG-Project";
			sourceTree = "<group>";
		};
		E9CA455428C5AED20065C373 /* Ulities */ = {
			isa = PBXGroup;
			children = (
			);
			path = Ulities;
			sourceTree = "<group>";
		};
		E9CA455528C5AEEA0065C373 /* Views */ = {
			isa = PBXGroup;
			children = (
			);
			path = Views;
			sourceTree = "<group>";
		};
		E9CA455628C5AEFB0065C373 /* ViewControllers */ = {
			isa = PBXGroup;
			children = (
				E9CA456528C5B3670065C373 /* HomeViewController */,
				E9CA456228C5B0280065C373 /* BaseViewControllers */,
			);
			path = ViewControllers;
			sourceTree = "<group>";
		};
		E9CA455728C5AF0D0065C373 /* Models */ = {
			isa = PBXGroup;
			children = (
			);
			path = Models;
			sourceTree = "<group>";
		};
		E9CA455828C5AF2A0065C373 /* ViewModels */ = {
			isa = PBXGroup;
			children = (
			);
			path = ViewModels;
			sourceTree = "<group>";
		};
		E9CA455928C5AF760065C373 /* AppDelegate */ = {
			isa = PBXGroup;
			children = (
				E9CA454028C5ADFC0065C373 /* AppDelegate.swift */,
				E9CA454228C5ADFC0065C373 /* SceneDelegate.swift */,
			);
			path = AppDelegate;
			sourceTree = "<group>";
		};
		E9CA455A28C5AF8B0065C373 /* Resources */ = {
			isa = PBXGroup;
			children = (
				E9CA454E28C5ADFE0065C373 /* Info.plist */,
				E9CA454928C5ADFE0065C373 /* Assets.xcassets */,
				E9CA454B28C5ADFE0065C373 /* LaunchScreen.storyboard */,
			);
			path = Resources;
			sourceTree = "<group>";
		};
		E9CA456228C5B0280065C373 /* BaseViewControllers */ = {
			isa = PBXGroup;
			children = (
				E9CA456328C5B04D0065C373 /* BaseViewController.swift */,
			);
			path = BaseViewControllers;
			sourceTree = "<group>";
		};
		E9CA456528C5B3670065C373 /* HomeViewController */ = {
			isa = PBXGroup;
			children = (
				E9CA456628C5B3B60065C373 /* HomeViewController.swift */,
			);
			path = HomeViewController;
			sourceTree = "<group>";
		};
/* End PBXGroup section */

/* Begin PBXNativeTarget section */
		E9CA453C28C5ADFC0065C373 /* CDMG-Project */ = {
			isa = PBXNativeTarget;
			buildConfigurationList = E9CA455128C5ADFE0065C373 /* Build configuration list for PBXNativeTarget "CDMG-Project" */;
			buildPhases = (
				E9CA453928C5ADFC0065C373 /* Sources */,
				E9CA453A28C5ADFC0065C373 /* Frameworks */,
				E9CA453B28C5ADFC0065C373 /* Resources */,
			);
			buildRules = (
			);
			dependencies = (
			);
			name = "CDMG-Project";
			productName = "CDMG-Project";
			productReference = E9CA453D28C5ADFC0065C373 /* CDMG-Project.app */;
			productType = "com.apple.product-type.application";
		};
/* End PBXNativeTarget section */

/* Begin PBXProject section */
		E9CA453528C5ADFC0065C373 /* Project object */ = {
			isa = PBXProject;
			attributes = {
				BuildIndependentTargetsInParallel = 1;
				LastSwiftUpdateCheck = 1340;
				LastUpgradeCheck = 1340;
				TargetAttributes = {
					E9CA453C28C5ADFC0065C373 = {
						CreatedOnToolsVersion = 13.4.1;
					};
				};
			};
			buildConfigurationList = E9CA453828C5ADFC0065C373 /* Build configuration list for PBXProject "CDMG-Project" */;
			compatibilityVersion = "Xcode 13.0";
			developmentRegion = en;
			hasScannedForEncodings = 0;
			knownRegions = (
				en,
				Base,
			);
			mainGroup = E9CA453428C5ADFC0065C373;
			productRefGroup = E9CA453E28C5ADFC0065C373 /* Products */;
			projectDirPath = "";
			projectRoot = "";
			targets = (
				E9CA453C28C5ADFC0065C373 /* CDMG-Project */,
			);
		};
/* End PBXProject section */

/* Begin PBXResourcesBuildPhase section */
		E9CA453B28C5ADFC0065C373 /* Resources */ = {
			isa = PBXResourcesBuildPhase;
			buildActionMask = 2147483647;
			files = (
				E9CA454D28C5ADFE0065C373 /* LaunchScreen.storyboard in Resources */,
				E9CA454A28C5ADFE0065C373 /* Assets.xcassets in Resources */,
			);
			runOnlyForDeploymentPostprocessing = 0;
		};
/* End PBXResourcesBuildPhase section */

/* Begin PBXSourcesBuildPhase section */
		E9CA453928C5ADFC0065C373 /* Sources */ = {
			isa = PBXSourcesBuildPhase;
			buildActionMask = 2147483647;
			files = (
				E9CA454128C5ADFC0065C373 /* AppDelegate.swift in Sources */,
				E9CA454328C5ADFC0065C373 /* SceneDelegate.swift in Sources */,
				E9CA456428C5B04D0065C373 /* BaseViewController.swift in Sources */,
				E9CA456728C5B3B60065C373 /* HomeViewController.swift in Sources */,
			);
			runOnlyForDeploymentPostprocessing = 0;
		};
/* End PBXSourcesBuildPhase section */

/* Begin PBXVariantGroup section */
		E9CA454B28C5ADFE0065C373 /* LaunchScreen.storyboard */ = {
			isa = PBXVariantGroup;
			children = (
				E9CA454C28C5ADFE0065C373 /* Base */,
			);
			name = LaunchScreen.storyboard;
			sourceTree = "<group>";
		};
/* End PBXVariantGroup section */

/* Begin XCBuildConfiguration section */
		E9CA454F28C5ADFE0065C373 /* Debug */ = {
			isa = XCBuildConfiguration;
			buildSettings = {
				ALWAYS_SEARCH_USER_PATHS = NO;
				CLANG_ANALYZER_NONNULL = YES;
				CLANG_ANALYZER_NUMBER_OBJECT_CONVERSION = YES_AGGRESSIVE;
				CLANG_CXX_LANGUAGE_STANDARD = "gnu++17";
				CLANG_ENABLE_MODULES = YES;
				CLANG_ENABLE_OBJC_ARC = YES;
				CLANG_ENABLE_OBJC_WEAK = YES;
				CLANG_WARN_BLOCK_CAPTURE_AUTORELEASING = YES;
				CLANG_WARN_BOOL_CONVERSION = YES;
				CLANG_WARN_COMMA = YES;
				CLANG_WARN_CONSTANT_CONVERSION = YES;
				CLANG_WARN_DEPRECATED_OBJC_IMPLEMENTATIONS = YES;
				CLANG_WARN_DIRECT_OBJC_ISA_USAGE = YES_ERROR;
				CLANG_WARN_DOCUMENTATION_COMMENTS = YES;
				CLANG_WARN_EMPTY_BODY = YES;
				CLANG_WARN_ENUM_CONVERSION = YES;
				CLANG_WARN_INFINITE_RECURSION = YES;
				CLANG_WARN_INT_CONVERSION = YES;
				CLANG_WARN_NON_LITERAL_NULL_CONVERSION = YES;
				CLANG_WARN_OBJC_IMPLICIT_RETAIN_SELF = YES;
				CLANG_WARN_OBJC_LITERAL_CONVERSION = YES;
				CLANG_WARN_OBJC_ROOT_CLASS = YES_ERROR;
				CLANG_WARN_QUOTED_INCLUDE_IN_FRAMEWORK_HEADER = YES;
				CLANG_WARN_RANGE_LOOP_ANALYSIS = YES;
				CLANG_WARN_STRICT_PROTOTYPES = YES;
				CLANG_WARN_SUSPICIOUS_MOVE = YES;
				CLANG_WARN_UNGUARDED_AVAILABILITY = YES_AGGRESSIVE;
				CLANG_WARN_UNREACHABLE_CODE = YES;
				CLANG_WARN__DUPLICATE_METHOD_MATCH = YES;
				COPY_PHASE_STRIP = NO;
				DEBUG_INFORMATION_FORMAT = dwarf;
				ENABLE_STRICT_OBJC_MSGSEND = YES;
				ENABLE_TESTABILITY = YES;
				GCC_C_LANGUAGE_STANDARD = gnu11;
				GCC_DYNAMIC_NO_PIC = NO;
				GCC_NO_COMMON_BLOCKS = YES;
				GCC_OPTIMIZATION_LEVEL = 0;
				GCC_PREPROCESSOR_DEFINITIONS = (
					"DEBUG=1",
					"$(inherited)",
				);
				GCC_WARN_64_TO_32_BIT_CONVERSION = YES;
				GCC_WARN_ABOUT_RETURN_TYPE = YES_ERROR;
				GCC_WARN_UNDECLARED_SELECTOR = YES;
				GCC_WARN_UNINITIALIZED_AUTOS = YES_AGGRESSIVE;
				GCC_WARN_UNUSED_FUNCTION = YES;
				GCC_WARN_UNUSED_VARIABLE = YES;
				IPHONEOS_DEPLOYMENT_TARGET = 15.5;
				MTL_ENABLE_DEBUG_INFO = INCLUDE_SOURCE;
				MTL_FAST_MATH = YES;
				ONLY_ACTIVE_ARCH = YES;
				SDKROOT = iphoneos;
				SWIFT_ACTIVE_COMPILATION_CONDITIONS = DEBUG;
				SWIFT_OPTIMIZATION_LEVEL = "-Onone";
			};
			name = Debug;
		};
		E9CA455028C5ADFE0065C373 /* Release */ = {
			isa = XCBuildConfiguration;
			buildSettings = {
				ALWAYS_SEARCH_USER_PATHS = NO;
				CLANG_ANALYZER_NONNULL = YES;
				CLANG_ANALYZER_NUMBER_OBJECT_CONVERSION = YES_AGGRESSIVE;
				CLANG_CXX_LANGUAGE_STANDARD = "gnu++17";
				CLANG_ENABLE_MODULES = YES;
				CLANG_ENABLE_OBJC_ARC = YES;
				CLANG_ENABLE_OBJC_WEAK = YES;
				CLANG_WARN_BLOCK_CAPTURE_AUTORELEASING = YES;
				CLANG_WARN_BOOL_CONVERSION = YES;
				CLANG_WARN_COMMA = YES;
				CLANG_WARN_CONSTANT_CONVERSION = YES;
				CLANG_WARN_DEPRECATED_OBJC_IMPLEMENTATIONS = YES;
				CLANG_WARN_DIRECT_OBJC_ISA_USAGE = YES_ERROR;
				CLANG_WARN_DOCUMENTATION_COMMENTS = YES;
				CLANG_WARN_EMPTY_BODY = YES;
				CLANG_WARN_ENUM_CONVERSION = YES;
				CLANG_WARN_INFINITE_RECURSION = YES;
				CLANG_WARN_INT_CONVERSION = YES;
				CLANG_WARN_NON_LITERAL_NULL_CONVERSION = YES;
				CLANG_WARN_OBJC_IMPLICIT_RETAIN_SELF = YES;
				CLANG_WARN_OBJC_LITERAL_CONVERSION = YES;
				CLANG_WARN_OBJC_ROOT_CLASS = YES_ERROR;
				CLANG_WARN_QUOTED_INCLUDE_IN_FRAMEWORK_HEADER = YES;
				CLANG_WARN_RANGE_LOOP_ANALYSIS = YES;
				CLANG_WARN_STRICT_PROTOTYPES = YES;
				CLANG_WARN_SUSPICIOUS_MOVE = YES;
				CLANG_WARN_UNGUARDED_AVAILABILITY = YES_AGGRESSIVE;
				CLANG_WARN_UNREACHABLE_CODE = YES;
				CLANG_WARN__DUPLICATE_METHOD_MATCH = YES;
				COPY_PHASE_STRIP = NO;
				DEBUG_INFORMATION_FORMAT = "dwarf-with-dsym";
				ENABLE_NS_ASSERTIONS = NO;
				ENABLE_STRICT_OBJC_MSGSEND = YES;
				GCC_C_LANGUAGE_STANDARD = gnu11;
				GCC_NO_COMMON_BLOCKS = YES;
				GCC_WARN_64_TO_32_BIT_CONVERSION = YES;
				GCC_WARN_ABOUT_RETURN_TYPE = YES_ERROR;
				GCC_WARN_UNDECLARED_SELECTOR = YES;
				GCC_WARN_UNINITIALIZED_AUTOS = YES_AGGRESSIVE;
				GCC_WARN_UNUSED_FUNCTION = YES;
				GCC_WARN_UNUSED_VARIABLE = YES;
				IPHONEOS_DEPLOYMENT_TARGET = 15.5;
				MTL_ENABLE_DEBUG_INFO = NO;
				MTL_FAST_MATH = YES;
				SDKROOT = iphoneos;
				SWIFT_COMPILATION_MODE = wholemodule;
				SWIFT_OPTIMIZATION_LEVEL = "-O";
				VALIDATE_PRODUCT = YES;
			};
			name = Release;
		};
		E9CA455228C5ADFE0065C373 /* Debug */ = {
			isa = XCBuildConfiguration;
			buildSettings = {
				ASSETCATALOG_COMPILER_APPICON_NAME = AppIcon;
				ASSETCATALOG_COMPILER_GLOBAL_ACCENT_COLOR_NAME = AccentColor;
				CODE_SIGN_STYLE = Automatic;
				CURRENT_PROJECT_VERSION = 1;
				DEVELOPMENT_TEAM = 6JJ3HPPD4J;
				GENERATE_INFOPLIST_FILE = YES;
				INFOPLIST_FILE = "CDMG-Project/Resources/Info.plist";
				INFOPLIST_KEY_UIApplicationSupportsIndirectInputEvents = YES;
				INFOPLIST_KEY_UILaunchStoryboardName = LaunchScreen;
				INFOPLIST_KEY_UISupportedInterfaceOrientations_iPad = "UIInterfaceOrientationPortrait UIInterfaceOrientationPortraitUpsideDown UIInterfaceOrientationLandscapeLeft UIInterfaceOrientationLandscapeRight";
				INFOPLIST_KEY_UISupportedInterfaceOrientations_iPhone = "UIInterfaceOrientationPortrait UIInterfaceOrientationLandscapeLeft UIInterfaceOrientationLandscapeRight";
				LD_RUNPATH_SEARCH_PATHS = (
					"$(inherited)",
					"@executable_path/Frameworks",
				);
				MARKETING_VERSION = 1.0;
				PRODUCT_BUNDLE_IDENTIFIER = "tamnm1996.CDMG-Project";
				PRODUCT_NAME = "$(TARGET_NAME)";
				SWIFT_EMIT_LOC_STRINGS = YES;
				SWIFT_VERSION = 5.0;
				TARGETED_DEVICE_FAMILY = "1,2";
			};
			name = Debug;
		};
		E9CA455328C5ADFE0065C373 /* Release */ = {
			isa = XCBuildConfiguration;
			buildSettings = {
				ASSETCATALOG_COMPILER_APPICON_NAME = AppIcon;
				ASSETCATALOG_COMPILER_GLOBAL_ACCENT_COLOR_NAME = AccentColor;
				CODE_SIGN_STYLE = Automatic;
				CURRENT_PROJECT_VERSION = 1;
				DEVELOPMENT_TEAM = 6JJ3HPPD4J;
				GENERATE_INFOPLIST_FILE = YES;
				INFOPLIST_FILE = "CDMG-Project/Resources/Info.plist";
				INFOPLIST_KEY_UIApplicationSupportsIndirectInputEvents = YES;
				INFOPLIST_KEY_UILaunchStoryboardName = LaunchScreen;
				INFOPLIST_KEY_UISupportedInterfaceOrientations_iPad = "UIInterfaceOrientationPortrait UIInterfaceOrientationPortraitUpsideDown UIInterfaceOrientationLandscapeLeft UIInterfaceOrientationLandscapeRight";
				INFOPLIST_KEY_UISupportedInterfaceOrientations_iPhone = "UIInterfaceOrientationPortrait UIInterfaceOrientationLandscapeLeft UIInterfaceOrientationLandscapeRight";
				LD_RUNPATH_SEARCH_PATHS = (
					"$(inherited)",
					"@executable_path/Frameworks",
				);
				MARKETING_VERSION = 1.0;
				PRODUCT_BUNDLE_IDENTIFIER = "tamnm1996.CDMG-Project";
				PRODUCT_NAME = "$(TARGET_NAME)";
				SWIFT_EMIT_LOC_STRINGS = YES;
				SWIFT_VERSION = 5.0;
				TARGETED_DEVICE_FAMILY = "1,2";
			};
			name = Release;
		};
/* End XCBuildConfiguration section */

/* Begin XCConfigurationList section */
		E9CA453828C5ADFC0065C373 /* Build configuration list for PBXProject "CDMG-Project" */ = {
			isa = XCConfigurationList;
			buildConfigurations = (
				E9CA454F28C5ADFE0065C373 /* Debug */,
				E9CA455028C5ADFE0065C373 /* Release */,
			);
			defaultConfigurationIsVisible = 0;
			defaultConfigurationName = Release;
		};
		E9CA455128C5ADFE0065C373 /* Build configuration list for PBXNativeTarget "CDMG-Project" */ = {
			isa = XCConfigurationList;
			buildConfigurations = (
				E9CA455228C5ADFE0065C373 /* Debug */,
				E9CA455328C5ADFE0065C373 /* Release */,
			);
			defaultConfigurationIsVisible = 0;
			defaultConfigurationName = Release;
		};
/* End XCConfigurationList section */
	};
	rootObject = E9CA453528C5ADFC0065C373 /* Project object */;
}
